// !$*UTF8*$!
{
	archiveVersion = 1;
	classes = {
	};
	objectVersion = 46;
	objects = {

/* Begin PBXBuildFile section */
		03E7579908465C2C4C83596E /* include_juce_dsp.mm */ = {isa = PBXBuildFile; fileRef = 2AA8CBD57F5CC5B7912A192F; };
		158D137D07F738CDB6AD2028 /* Accelerate.framework */ = {isa = PBXBuildFile; fileRef = 553C0A3501582EE95328719B; };
		1B14253412716097BBB38A9B /* CustomParameters.cpp */ = {isa = PBXBuildFile; fileRef = C5A12760CCD5CE6DD270F92F; };
		210F38443F9D77354A4B28EB /* PlaybackWarpProcessor.cpp */ = {isa = PBXBuildFile; fileRef = AB39C0017B2EE44B9E510D89; };
		24E83A217028D2AEF88FF90E /* include_juce_data_structures.mm */ = {isa = PBXBuildFile; fileRef = DE2959972547E114EB1E1FCD; };
		2706724BA659554B6F4EE85E /* include_juce_audio_formats.mm */ = {isa = PBXBuildFile; fileRef = 03BD258F06159505E43073E1; };
		2835643E77629616123340C4 /* CoreMIDI.framework */ = {isa = PBXBuildFile; fileRef = C5E04D72E37F04C0663E5EA6; };
		29782FB7B1C181EA8900F409 /* OpenGL.framework */ = {isa = PBXBuildFile; fileRef = 1B24D4A69BF5E24D9E0DB1E5; };
		31D395DB17463EFA64FFF6EE /* WebKit.framework */ = {isa = PBXBuildFile; fileRef = 7FC28740B3DC997941439C94; };
		3331B6C0CCADE7C79E00AA8D /* include_juce_audio_basics.mm */ = {isa = PBXBuildFile; fileRef = D28A24FB27CA55E92A5894F7; };
		410431C9B0A9CD5D15AFE737 /* include_juce_audio_processors.mm */ = {isa = PBXBuildFile; fileRef = A220ED8C412D2CBAF0152B24; };
		428157405D2A574C22BF5B3D /* AudioUnit.framework */ = {isa = PBXBuildFile; fileRef = 1D609F443B08D98D397EEC1C; };
		43CF16C66E5C10A00505A7B0 /* include_juce_audio_processors_ara.cpp */ = {isa = PBXBuildFile; fileRef = 356CE6A2709276F08338A0F7; };
		48CA111A7776D753A8BFF02E /* RenderEngine.cpp */ = {isa = PBXBuildFile; fileRef = 58E5949DCB62BE84406F882C; };
		4F9D459C6BC8A719CF73A1E0 /* AudioToolbox.framework */ = {isa = PBXBuildFile; fileRef = 81E1E946E734ED2D5F139566; };
		590C8BAFBBD5D947DE4F00DB /* RecentFilesMenuTemplate.nib */ = {isa = PBXBuildFile; fileRef = A2C8C58317A62AD9BB716394; };
		6A7E240E276031B00BDFCFB7 /* custom_nanobind_wrappers.cpp */ = {isa = PBXBuildFile; fileRef = EBF2A63A7FF480DD2DEE651F; };
		7C6656C8A61187E3C9113001 /* FilterProcessor.cpp */ = {isa = PBXBuildFile; fileRef = 7332613820553661C4FA3CD8; };
		7C6BB131144A3B730811CCDD /* include_juce_audio_processors_lv2_libs.cpp */ = {isa = PBXBuildFile; fileRef = FEA86DE22A65D6278611157A; };
		7F31E8E6BCA6C4D063D57689 /* include_juce_gui_basics.mm */ = {isa = PBXBuildFile; fileRef = 9FDB1268E8AD800788F80B72; };
		8CB86F722980F4262C64B7D7 /* QuartzCore.framework */ = {isa = PBXBuildFile; fileRef = D2350C56CE13419F5D6CF40E; };
		911FCAF5D38B28CA617932B9 /* DataModel.cpp */ = {isa = PBXBuildFile; fileRef = 5691FDBCADAAE7C01869F756; };
		9220E9F1E4B8AE7DA6C45322 /* Metal.framework */ = {isa = PBXBuildFile; fileRef = 862E281E065C481F1DD68ABE; settings = { ATTRIBUTES = (Weak, ); }; };
		92F6A21BA484A258A4EF5F23 /* PluginProcessor.cpp */ = {isa = PBXBuildFile; fileRef = 2F962B6F6EA479E59F083A16; };
		969FB6089449B8EF662494AE /* CoreAudio.framework */ = {isa = PBXBuildFile; fileRef = 2AFB20E3BF20B006326ADE78; };
		972909F8E3C96F724A1E69AE /* SamplerAudioProcessor.cpp */ = {isa = PBXBuildFile; fileRef = 9A5A5CF18A53538DC4C811D1; };
		A216E35DCCBFEEC04D4A7E45 /* MetalKit.framework */ = {isa = PBXBuildFile; fileRef = 023080B0911E6794DD8D4D14; settings = { ATTRIBUTES = (Weak, ); }; };
		A36633FC72AA916869FA8B33 /* source.cpp */ = {isa = PBXBuildFile; fileRef = 4B4337E31892157AAFCBD879; };
		A376ADE2384A37361A90737F /* AVFoundation.framework */ = {isa = PBXBuildFile; fileRef = 4C016F8E9E5EB85EF51350D2; };
		A57AA5B8EA2A23EF5E99E0D2 /* include_juce_opengl.mm */ = {isa = PBXBuildFile; fileRef = 066AA4F18B1578FAE9DEF375; };
		B40655DA3166083A19A8BFFE /* include_juce_cryptography.mm */ = {isa = PBXBuildFile; fileRef = F77F519C38E3EA04C3309E8D; };
		B706959A5956C712DB69C177 /* AVKit.framework */ = {isa = PBXBuildFile; fileRef = 63F2199F8507C7736C402439; };
		B942805B7846AE297800EF37 /* SamplerAudioProcessorEditor.cpp */ = {isa = PBXBuildFile; fileRef = 0437FDFA6CF09192A01A9F89; };
		BD1166D575CE2FE6886E0DFC /* ProcessorBase.cpp */ = {isa = PBXBuildFile; fileRef = 253FF1803B46DE27BAFE0B1E; };
		BDBBC7F742E36F770A6A0D45 /* Foundation.framework */ = {isa = PBXBuildFile; fileRef = 5F7714E09DFF1DD96B6A9E1A; };
		BF362117EA445AAE01724022 /* CoreMedia.framework */ = {isa = PBXBuildFile; fileRef = 6A14048B99596E7E39EAE4DD; };
		C0D03D32EA25F7011FECF9F6 /* IOKit.framework */ = {isa = PBXBuildFile; fileRef = E0756912D4AE6F8AF5A16B05; };
		C35B14ADF95F2812599EB42D /* FaustBoxAPI.cpp */ = {isa = PBXBuildFile; fileRef = 405C5C02878443703995052F; };
		C4250D079CD4B8F0C8D5FBBA /* include_juce_core.mm */ = {isa = PBXBuildFile; fileRef = 6FB346F5BB408E7040CFE133; };
		C9200467702F9E5502DCC9F0 /* include_juce_video.mm */ = {isa = PBXBuildFile; fileRef = C519012CDDE2CA92FF58903A; };
		D8E2F775028097109496AAA1 /* Cocoa.framework */ = {isa = PBXBuildFile; fileRef = 7EC708BB8670BC4B971F031E; };
		D915E61C72D98F0B97F31690 /* StandalonePluginWindow.h */ = {isa = PBXBuildFile; fileRef = 44A26898F037A3E6B43EB911; };
		DF5374E67F8812D79694279E /* Security.framework */ = {isa = PBXBuildFile; fileRef = B243F8F5ADFF280683E55EE1; };
		DFE780784ED99EACC1B654A6 /* include_juce_gui_extra.mm */ = {isa = PBXBuildFile; fileRef = 06AE4EC72C9D2D0775EF879E; };
		E2953514E7A721EFB0252A7A /* nb_combined.cpp */ = {isa = PBXBuildFile; fileRef = 5BA523F3989B445516A7168D; };
		E358C00D8D92D35AFBC9944C /* FaustProcessor.cpp */ = {isa = PBXBuildFile; fileRef = BFD142EBB8AFBADC8AB04A8A; };
		E3F94999130BC1FFAB7F9829 /* FaustSignalAPI.cpp */ = {isa = PBXBuildFile; fileRef = DA5D0A9D3542DCB5ACFC8FB8; };
		E6C27C09FEC5B3BBEC75F414 /* CoreAudioKit.framework */ = {isa = PBXBuildFile; fileRef = E4E23DF360EE14C337676E2D; };
		EA86121DEF6D619C58D1EAAA /* Dynamic Library */ = {isa = PBXBuildFile; fileRef = 14D8BBB0AE299D04ACF0C062; };
		EC32BD72FBDEAD5B0AA0C704 /* include_juce_graphics.mm */ = {isa = PBXBuildFile; fileRef = B2CCBF7C3614EE8B865D41C0; };
		EC456483653E6271848DB065 /* MPESettingsDataModel.cpp */ = {isa = PBXBuildFile; fileRef = A997E92A77CDFA70A6536BBD; };
		EDAE68939B34523D0DB82066 /* include_juce_events.mm */ = {isa = PBXBuildFile; fileRef = 29DB2C710702A8342635B8DF; };
		F2B685C5405CA2318DDF0273 /* include_juce_audio_devices.mm */ = {isa = PBXBuildFile; fileRef = 3364D676B0400D289622EF11; };
/* End PBXBuildFile section */

/* Begin PBXFileReference section */
		0144F71788C0BA26D2427CEA /* ProcessorState.h */ /* ProcessorState.h */ = {isa = PBXFileReference; lastKnownFileType = sourcecode.c.h; name = ProcessorState.h; path = ../../Source/Sampler/Source/ProcessorState.h; sourceTree = SOURCE_ROOT; };
		023080B0911E6794DD8D4D14 /* MetalKit.framework */ /* MetalKit.framework */ = {isa = PBXFileReference; lastKnownFileType = wrapper.framework; name = MetalKit.framework; path = System/Library/Frameworks/MetalKit.framework; sourceTree = SDKROOT; };
		03A685E6693EE1741A43DE6D /* AppConfig.h */ /* AppConfig.h */ = {isa = PBXFileReference; lastKnownFileType = sourcecode.c.h; name = AppConfig.h; path = ../../JuceLibraryCode/AppConfig.h; sourceTree = SOURCE_ROOT; };
		03BD258F06159505E43073E1 /* include_juce_audio_formats.mm */ /* include_juce_audio_formats.mm */ = {isa = PBXFileReference; lastKnownFileType = sourcecode.cpp.objcpp; name = include_juce_audio_formats.mm; path = ../../JuceLibraryCode/include_juce_audio_formats.mm; sourceTree = SOURCE_ROOT; };
		0437FDFA6CF09192A01A9F89 /* SamplerAudioProcessorEditor.cpp */ /* SamplerAudioProcessorEditor.cpp */ = {isa = PBXFileReference; lastKnownFileType = sourcecode.cpp.cpp; name = SamplerAudioProcessorEditor.cpp; path = ../../Source/Sampler/Source/SamplerAudioProcessorEditor.cpp; sourceTree = SOURCE_ROOT; };
		066AA4F18B1578FAE9DEF375 /* include_juce_opengl.mm */ /* include_juce_opengl.mm */ = {isa = PBXFileReference; lastKnownFileType = sourcecode.cpp.objcpp; name = include_juce_opengl.mm; path = ../../JuceLibraryCode/include_juce_opengl.mm; sourceTree = SOURCE_ROOT; };
		06AE4EC72C9D2D0775EF879E /* include_juce_gui_extra.mm */ /* include_juce_gui_extra.mm */ = {isa = PBXFileReference; lastKnownFileType = sourcecode.cpp.objcpp; name = include_juce_gui_extra.mm; path = ../../JuceLibraryCode/include_juce_gui_extra.mm; sourceTree = SOURCE_ROOT; };
		07B214A6EFC7D8F79AE04C14 /* FaustSignalAPI.h */ /* FaustSignalAPI.h */ = {isa = PBXFileReference; lastKnownFileType = sourcecode.c.h; name = FaustSignalAPI.h; path = ../../Source/FaustSignalAPI.h; sourceTree = SOURCE_ROOT; };
		094BECA334087BBDDA1CA022 /* RenderEngine.h */ /* RenderEngine.h */ = {isa = PBXFileReference; lastKnownFileType = sourcecode.c.h; name = RenderEngine.h; path = ../../Source/RenderEngine.h; sourceTree = SOURCE_ROOT; };
		120826105E7F7F01EB90E2DD /* juce_audio_formats */ /* juce_audio_formats */ = {isa = PBXFileReference; lastKnownFileType = folder; name = juce_audio_formats; path = ../../JuceLibraryCode/modules/juce_audio_formats; sourceTree = SOURCE_ROOT; };
		14889BCC2ABB86444A7F75E9 /* MPESettingsComponent.h */ /* MPESettingsComponent.h */ = {isa = PBXFileReference; lastKnownFileType = sourcecode.c.h; name = MPESettingsComponent.h; path = ../../Source/Sampler/Source/Components/MPESettingsComponent.h; sourceTree = SOURCE_ROOT; };
		14D8BBB0AE299D04ACF0C062 /* Dynamic Library */ = {isa = PBXFileReference; explicitFileType = "compiled.mach-o.dylib"; includeInIndex = 0; path = dawdreamer.so.dylib; sourceTree = BUILT_PRODUCTS_DIR; };
		1799B9631459052DD116F71A /* OscillatorProcessor.h */ /* OscillatorProcessor.h */ = {isa = PBXFileReference; lastKnownFileType = sourcecode.c.h; name = OscillatorProcessor.h; path = ../../Source/OscillatorProcessor.h; sourceTree = SOURCE_ROOT; };
		1B0D8682D71DE335787BA764 /* juce_gui_extra */ /* juce_gui_extra */ = {isa = PBXFileReference; lastKnownFileType = folder; name = juce_gui_extra; path = ../../JuceLibraryCode/modules/juce_gui_extra; sourceTree = SOURCE_ROOT; };
		1B24D4A69BF5E24D9E0DB1E5 /* OpenGL.framework */ /* OpenGL.framework */ = {isa = PBXFileReference; lastKnownFileType = wrapper.framework; name = OpenGL.framework; path = System/Library/Frameworks/OpenGL.framework; sourceTree = SDKROOT; };
		1BD301AA7CD8CC5E4FF1B80A /* MPESamplerVoice.h */ /* MPESamplerVoice.h */ = {isa = PBXFileReference; lastKnownFileType = sourcecode.c.h; name = MPESamplerVoice.h; path = ../../Source/Sampler/Source/MPESamplerVoice.h; sourceTree = SOURCE_ROOT; };
		1D609F443B08D98D397EEC1C /* AudioUnit.framework */ /* AudioUnit.framework */ = {isa = PBXFileReference; lastKnownFileType = wrapper.framework; name = AudioUnit.framework; path = System/Library/Frameworks/AudioUnit.framework; sourceTree = SDKROOT; };
		1E9DDEDC44B84AC20436D9A6 /* LoopPointMarker.h */ /* LoopPointMarker.h */ = {isa = PBXFileReference; lastKnownFileType = sourcecode.c.h; name = LoopPointMarker.h; path = ../../Source/Sampler/Source/Components/LoopPointMarker.h; sourceTree = SOURCE_ROOT; };
		23A77F04A78FE8BE62F85C95 /* Ruler.h */ /* Ruler.h */ = {isa = PBXFileReference; lastKnownFileType = sourcecode.c.h; name = Ruler.h; path = ../../Source/Sampler/Source/Components/Ruler.h; sourceTree = SOURCE_ROOT; };
		253FF1803B46DE27BAFE0B1E /* ProcessorBase.cpp */ /* ProcessorBase.cpp */ = {isa = PBXFileReference; lastKnownFileType = sourcecode.cpp.cpp; name = ProcessorBase.cpp; path = ../../Source/ProcessorBase.cpp; sourceTree = SOURCE_ROOT; };
		29DB2C710702A8342635B8DF /* include_juce_events.mm */ /* include_juce_events.mm */ = {isa = PBXFileReference; lastKnownFileType = sourcecode.cpp.objcpp; name = include_juce_events.mm; path = ../../JuceLibraryCode/include_juce_events.mm; sourceTree = SOURCE_ROOT; };
		2AA8CBD57F5CC5B7912A192F /* include_juce_dsp.mm */ /* include_juce_dsp.mm */ = {isa = PBXFileReference; lastKnownFileType = sourcecode.cpp.objcpp; name = include_juce_dsp.mm; path = ../../JuceLibraryCode/include_juce_dsp.mm; sourceTree = SOURCE_ROOT; };
		2AFB20E3BF20B006326ADE78 /* CoreAudio.framework */ /* CoreAudio.framework */ = {isa = PBXFileReference; lastKnownFileType = wrapper.framework; name = CoreAudio.framework; path = System/Library/Frameworks/CoreAudio.framework; sourceTree = SDKROOT; };
		2F962B6F6EA479E59F083A16 /* PluginProcessor.cpp */ /* PluginProcessor.cpp */ = {isa = PBXFileReference; lastKnownFileType = sourcecode.cpp.cpp; name = PluginProcessor.cpp; path = ../../Source/PluginProcessor.cpp; sourceTree = SOURCE_ROOT; };
		3364D676B0400D289622EF11 /* include_juce_audio_devices.mm */ /* include_juce_audio_devices.mm */ = {isa = PBXFileReference; lastKnownFileType = sourcecode.cpp.objcpp; name = include_juce_audio_devices.mm; path = ../../JuceLibraryCode/include_juce_audio_devices.mm; sourceTree = SOURCE_ROOT; };
		356CE6A2709276F08338A0F7 /* include_juce_audio_processors_ara.cpp */ /* include_juce_audio_processors_ara.cpp */ = {isa = PBXFileReference; lastKnownFileType = sourcecode.cpp.cpp; name = include_juce_audio_processors_ara.cpp; path = ../../JuceLibraryCode/include_juce_audio_processors_ara.cpp; sourceTree = SOURCE_ROOT; };
		395AC07199E9D2807E5186E1 /* juce_data_structures */ /* juce_data_structures */ = {isa = PBXFileReference; lastKnownFileType = folder; name = juce_data_structures; path = ../../JuceLibraryCode/modules/juce_data_structures; sourceTree = SOURCE_ROOT; };
		3AAA87ED81FE59EA46C6FE62 /* juce_core */ /* juce_core */ = {isa = PBXFileReference; lastKnownFileType = folder; name = juce_core; path = ../../JuceLibraryCode/modules/juce_core; sourceTree = SOURCE_ROOT; };
		3EA3A6D2AC34C3B60DD9111C /* custom_nanobind_wrappers.h */ /* custom_nanobind_wrappers.h */ = {isa = PBXFileReference; lastKnownFileType = sourcecode.c.h; name = custom_nanobind_wrappers.h; path = ../../Source/custom_nanobind_wrappers.h; sourceTree = SOURCE_ROOT; };
		405C5C02878443703995052F /* FaustBoxAPI.cpp */ /* FaustBoxAPI.cpp */ = {isa = PBXFileReference; lastKnownFileType = sourcecode.cpp.cpp; name = FaustBoxAPI.cpp; path = ../../Source/FaustBoxAPI.cpp; sourceTree = SOURCE_ROOT; };
		41F9CCC5586A494C6A26B0B1 /* samplerate.h */ /* samplerate.h */ = {isa = PBXFileReference; lastKnownFileType = sourcecode.c.h; name = samplerate.h; path = ../../thirdparty/libsamplerate/include/samplerate.h; sourceTree = SOURCE_ROOT; };
		42A1913A8354FD47FE96B6D2 /* FaustBoxAPI.h */ /* FaustBoxAPI.h */ = {isa = PBXFileReference; lastKnownFileType = sourcecode.c.h; name = FaustBoxAPI.h; path = ../../Source/FaustBoxAPI.h; sourceTree = SOURCE_ROOT; };
		44A26898F037A3E6B43EB911 /* StandalonePluginWindow.h */ /* StandalonePluginWindow.h */ = {isa = PBXFileReference; lastKnownFileType = sourcecode.c.h; name = StandalonePluginWindow.h; path = ../../Source/StandalonePluginWindow.h; sourceTree = SOURCE_ROOT; };
		4782971C3066F785B5354384 /* DataModel.h */ /* DataModel.h */ = {isa = PBXFileReference; lastKnownFileType = sourcecode.c.h; name = DataModel.h; path = ../../Source/Sampler/Source/DataModels/DataModel.h; sourceTree = SOURCE_ROOT; };
		4915A3C580F0DAA69FAAED98 /* CompressorProcessor.h */ /* CompressorProcessor.h */ = {isa = PBXFileReference; lastKnownFileType = sourcecode.c.h; name = CompressorProcessor.h; path = ../../Source/CompressorProcessor.h; sourceTree = SOURCE_ROOT; };
		496784779D5E3B5A1BDB5FCB /* juce_audio_basics */ /* juce_audio_basics */ = {isa = PBXFileReference; lastKnownFileType = folder; name = juce_audio_basics; path = ../../JuceLibraryCode/modules/juce_audio_basics; sourceTree = SOURCE_ROOT; };
		4B4337E31892157AAFCBD879 /* source.cpp */ /* source.cpp */ = {isa = PBXFileReference; lastKnownFileType = sourcecode.cpp.cpp; name = source.cpp; path = ../../Source/source.cpp; sourceTree = SOURCE_ROOT; };
		4C016F8E9E5EB85EF51350D2 /* AVFoundation.framework */ /* AVFoundation.framework */ = {isa = PBXFileReference; lastKnownFileType = wrapper.framework; name = AVFoundation.framework; path = System/Library/Frameworks/AVFoundation.framework; sourceTree = SDKROOT; };
		4D082FC559B1AA034CF62DE3 /* juce_cryptography */ /* juce_cryptography */ = {isa = PBXFileReference; lastKnownFileType = folder; name = juce_cryptography; path = ../../JuceLibraryCode/modules/juce_cryptography; sourceTree = SOURCE_ROOT; };
		515FEE4F481AB0CBB0190CFC /* juce_dsp */ /* juce_dsp */ = {isa = PBXFileReference; lastKnownFileType = folder; name = juce_dsp; path = ../../JuceLibraryCode/modules/juce_dsp; sourceTree = SOURCE_ROOT; };
		551403951D49BE1C7B54347E /* DemoUtilities.h */ /* DemoUtilities.h */ = {isa = PBXFileReference; lastKnownFileType = sourcecode.c.h; name = DemoUtilities.h; path = ../../Source/Sampler/Source/DemoUtilities.h; sourceTree = SOURCE_ROOT; };
		553C0A3501582EE95328719B /* Accelerate.framework */ /* Accelerate.framework */ = {isa = PBXFileReference; lastKnownFileType = wrapper.framework; name = Accelerate.framework; path = System/Library/Frameworks/Accelerate.framework; sourceTree = SDKROOT; };
		55A7EED856ACF66C119C1D8F /* portable_endian.h */ /* portable_endian.h */ = {isa = PBXFileReference; lastKnownFileType = sourcecode.c.h; name = portable_endian.h; path = ../../thirdparty/portable_endian/include/portable_endian.h; sourceTree = SOURCE_ROOT; };
		5691FDBCADAAE7C01869F756 /* DataModel.cpp */ /* DataModel.cpp */ = {isa = PBXFileReference; lastKnownFileType = sourcecode.cpp.cpp; name = DataModel.cpp; path = ../../Source/Sampler/Source/DataModels/DataModel.cpp; sourceTree = SOURCE_ROOT; };
		58E5949DCB62BE84406F882C /* RenderEngine.cpp */ /* RenderEngine.cpp */ = {isa = PBXFileReference; lastKnownFileType = sourcecode.cpp.cpp; name = RenderEngine.cpp; path = ../../Source/RenderEngine.cpp; sourceTree = SOURCE_ROOT; };
		5BA523F3989B445516A7168D /* nb_combined.cpp */ /* nb_combined.cpp */ = {isa = PBXFileReference; lastKnownFileType = sourcecode.cpp.cpp; name = nb_combined.cpp; path = ../../thirdparty/nanobind/src/nb_combined.cpp; sourceTree = SOURCE_ROOT; };
		5E78CB5125AD5B7A9848A603 /* LoopPointsOverlay.h */ /* LoopPointsOverlay.h */ = {isa = PBXFileReference; lastKnownFileType = sourcecode.c.h; name = LoopPointsOverlay.h; path = ../../Source/Sampler/Source/Components/LoopPointsOverlay.h; sourceTree = SOURCE_ROOT; };
		5F6BCB65212E4D3138FCEBCB /* VisibleRangeDataModel.h */ /* VisibleRangeDataModel.h */ = {isa = PBXFileReference; lastKnownFileType = sourcecode.c.h; name = VisibleRangeDataModel.h; path = ../../Source/Sampler/Source/DataModels/VisibleRangeDataModel.h; sourceTree = SOURCE_ROOT; };
		5F7714E09DFF1DD96B6A9E1A /* Foundation.framework */ /* Foundation.framework */ = {isa = PBXFileReference; lastKnownFileType = wrapper.framework; name = Foundation.framework; path = System/Library/Frameworks/Foundation.framework; sourceTree = SDKROOT; };
		63F2199F8507C7736C402439 /* AVKit.framework */ /* AVKit.framework */ = {isa = PBXFileReference; lastKnownFileType = wrapper.framework; name = AVKit.framework; path = System/Library/Frameworks/AVKit.framework; sourceTree = SDKROOT; };
		6A14048B99596E7E39EAE4DD /* CoreMedia.framework */ /* CoreMedia.framework */ = {isa = PBXFileReference; lastKnownFileType = wrapper.framework; name = CoreMedia.framework; path = System/Library/Frameworks/CoreMedia.framework; sourceTree = SDKROOT; };
		6C3852FA3BE19463FBBD6CD8 /* Misc.h */ /* Misc.h */ = {isa = PBXFileReference; lastKnownFileType = sourcecode.c.h; name = Misc.h; path = ../../Source/Sampler/Source/Misc.h; sourceTree = SOURCE_ROOT; };
		6FB346F5BB408E7040CFE133 /* include_juce_core.mm */ /* include_juce_core.mm */ = {isa = PBXFileReference; lastKnownFileType = sourcecode.cpp.objcpp; name = include_juce_core.mm; path = ../../JuceLibraryCode/include_juce_core.mm; sourceTree = SOURCE_ROOT; };
		70B722073FC3FB8EC6C4E41D /* SamplerProcessor.h */ /* SamplerProcessor.h */ = {isa = PBXFileReference; lastKnownFileType = sourcecode.c.h; name = SamplerProcessor.h; path = ../../Source/SamplerProcessor.h; sourceTree = SOURCE_ROOT; };
		7332613820553661C4FA3CD8 /* FilterProcessor.cpp */ /* FilterProcessor.cpp */ = {isa = PBXFileReference; lastKnownFileType = sourcecode.cpp.cpp; name = FilterProcessor.cpp; path = ../../Source/FilterProcessor.cpp; sourceTree = SOURCE_ROOT; };
		75EBBC88D548917BF44C5CB7 /* juce_audio_devices */ /* juce_audio_devices */ = {isa = PBXFileReference; lastKnownFileType = folder; name = juce_audio_devices; path = ../../JuceLibraryCode/modules/juce_audio_devices; sourceTree = SOURCE_ROOT; };
		76026663044192A10D5B059D /* SamplerAudioProcessorEditor.h */ /* SamplerAudioProcessorEditor.h */ = {isa = PBXFileReference; lastKnownFileType = sourcecode.c.h; name = SamplerAudioProcessorEditor.h; path = ../../Source/Sampler/Source/SamplerAudioProcessorEditor.h; sourceTree = SOURCE_ROOT; };
		77225857E3039695FE11D4CC /* FileAudioFormatReaderFactory.h */ /* FileAudioFormatReaderFactory.h */ = {isa = PBXFileReference; lastKnownFileType = sourcecode.c.h; name = FileAudioFormatReaderFactory.h; path = ../../Source/Sampler/Source/FileAudioFormatReaderFactory.h; sourceTree = SOURCE_ROOT; };
		78374C29A67C0EFF6E21ED37 /* DelayProcessor.h */ /* DelayProcessor.h */ = {isa = PBXFileReference; lastKnownFileType = sourcecode.c.h; name = DelayProcessor.h; path = ../../Source/DelayProcessor.h; sourceTree = SOURCE_ROOT; };
		7C90363A6D8BA8EA0D91A985 /* CustomParameters.h */ /* CustomParameters.h */ = {isa = PBXFileReference; lastKnownFileType = sourcecode.c.h; name = CustomParameters.h; path = ../../Source/CustomParameters.h; sourceTree = SOURCE_ROOT; };
		7E3996C741A751CA115B37E9 /* MPESamplerSound.h */ /* MPESamplerSound.h */ = {isa = PBXFileReference; lastKnownFileType = sourcecode.c.h; name = MPESamplerSound.h; path = ../../Source/Sampler/Source/MPESamplerSound.h; sourceTree = SOURCE_ROOT; };
		7EC708BB8670BC4B971F031E /* Cocoa.framework */ /* Cocoa.framework */ = {isa = PBXFileReference; lastKnownFileType = wrapper.framework; name = Cocoa.framework; path = System/Library/Frameworks/Cocoa.framework; sourceTree = SDKROOT; };
		7FC28740B3DC997941439C94 /* WebKit.framework */ /* WebKit.framework */ = {isa = PBXFileReference; lastKnownFileType = wrapper.framework; name = WebKit.framework; path = System/Library/Frameworks/WebKit.framework; sourceTree = SDKROOT; };
		8038F1D9B3CEBD503DE7AD1F /* AddProcessor.h */ /* AddProcessor.h */ = {isa = PBXFileReference; lastKnownFileType = sourcecode.c.h; name = AddProcessor.h; path = ../../Source/AddProcessor.h; sourceTree = SOURCE_ROOT; };
		813727514E7E0F4593240E30 /* WaveformView.h */ /* WaveformView.h */ = {isa = PBXFileReference; lastKnownFileType = sourcecode.c.h; name = WaveformView.h; path = ../../Source/Sampler/Source/Components/WaveformView.h; sourceTree = SOURCE_ROOT; };
		81E1E946E734ED2D5F139566 /* AudioToolbox.framework */ /* AudioToolbox.framework */ = {isa = PBXFileReference; lastKnownFileType = wrapper.framework; name = AudioToolbox.framework; path = System/Library/Frameworks/AudioToolbox.framework; sourceTree = SDKROOT; };
		845C73442A853AAC5FB09A34 /* SamplerAudioProcessor.h */ /* SamplerAudioProcessor.h */ = {isa = PBXFileReference; lastKnownFileType = sourcecode.c.h; name = SamplerAudioProcessor.h; path = ../../Source/Sampler/Source/SamplerAudioProcessor.h; sourceTree = SOURCE_ROOT; };
		862E281E065C481F1DD68ABE /* Metal.framework */ /* Metal.framework */ = {isa = PBXFileReference; lastKnownFileType = wrapper.framework; name = Metal.framework; path = System/Library/Frameworks/Metal.framework; sourceTree = SDKROOT; };
		8F78B14DAA164DE1331AD3FD /* Main.cpp */ /* Main.cpp */ = {isa = PBXFileReference; lastKnownFileType = sourcecode.cpp.cpp; name = Main.cpp; path = ../../Source/Sampler/Source/Main.cpp; sourceTree = SOURCE_ROOT; };
		950B050EA948807CC56423AA /* Sample.h */ /* Sample.h */ = {isa = PBXFileReference; lastKnownFileType = sourcecode.c.h; name = Sample.h; path = ../../Source/Sampler/Source/Sample.h; sourceTree = SOURCE_ROOT; };
		9A5A5CF18A53538DC4C811D1 /* SamplerAudioProcessor.cpp */ /* SamplerAudioProcessor.cpp */ = {isa = PBXFileReference; lastKnownFileType = sourcecode.cpp.cpp; name = SamplerAudioProcessor.cpp; path = ../../Source/Sampler/Source/SamplerAudioProcessor.cpp; sourceTree = SOURCE_ROOT; };
		9ABCCF2DBAA01DE762D8BD60 /* FaustProcessor.h */ /* FaustProcessor.h */ = {isa = PBXFileReference; lastKnownFileType = sourcecode.c.h; name = FaustProcessor.h; path = ../../Source/FaustProcessor.h; sourceTree = SOURCE_ROOT; };
		9BDB3F17F6111E9FDF1761B4 /* MPESettingsDataModel.h */ /* MPESettingsDataModel.h */ = {isa = PBXFileReference; lastKnownFileType = sourcecode.c.h; name = MPESettingsDataModel.h; path = ../../Source/Sampler/Source/DataModels/MPESettingsDataModel.h; sourceTree = SOURCE_ROOT; };
		9F37A0F01B91ECF513361AD0 /* MPELegacySettingsComponent.h */ /* MPELegacySettingsComponent.h */ = {isa = PBXFileReference; lastKnownFileType = sourcecode.c.h; name = MPELegacySettingsComponent.h; path = ../../Source/Sampler/Source/Components/MPELegacySettingsComponent.h; sourceTree = SOURCE_ROOT; };
		9FDB1268E8AD800788F80B72 /* include_juce_gui_basics.mm */ /* include_juce_gui_basics.mm */ = {isa = PBXFileReference; lastKnownFileType = sourcecode.cpp.objcpp; name = include_juce_gui_basics.mm; path = ../../JuceLibraryCode/include_juce_gui_basics.mm; sourceTree = SOURCE_ROOT; };
		A220ED8C412D2CBAF0152B24 /* include_juce_audio_processors.mm */ /* include_juce_audio_processors.mm */ = {isa = PBXFileReference; lastKnownFileType = sourcecode.cpp.objcpp; name = include_juce_audio_processors.mm; path = ../../JuceLibraryCode/include_juce_audio_processors.mm; sourceTree = SOURCE_ROOT; };
		A2C8C58317A62AD9BB716394 /* RecentFilesMenuTemplate.nib */ /* RecentFilesMenuTemplate.nib */ = {isa = PBXFileReference; lastKnownFileType = file.nib; name = RecentFilesMenuTemplate.nib; path = RecentFilesMenuTemplate.nib; sourceTree = SOURCE_ROOT; };
		A997E92A77CDFA70A6536BBD /* MPESettingsDataModel.cpp */ /* MPESettingsDataModel.cpp */ = {isa = PBXFileReference; lastKnownFileType = sourcecode.cpp.cpp; name = MPESettingsDataModel.cpp; path = ../../Source/Sampler/Source/DataModels/MPESettingsDataModel.cpp; sourceTree = SOURCE_ROOT; };
		AA2C7D7E9590EB6623631A35 /* CommandFifo.h */ /* CommandFifo.h */ = {isa = PBXFileReference; lastKnownFileType = sourcecode.c.h; name = CommandFifo.h; path = ../../Source/Sampler/Source/CommandFifo.h; sourceTree = SOURCE_ROOT; };
		AB39C0017B2EE44B9E510D89 /* PlaybackWarpProcessor.cpp */ /* PlaybackWarpProcessor.cpp */ = {isa = PBXFileReference; lastKnownFileType = sourcecode.cpp.cpp; name = PlaybackWarpProcessor.cpp; path = ../../Source/PlaybackWarpProcessor.cpp; sourceTree = SOURCE_ROOT; };
		AD248A6B37034D215326CB7F /* juce_audio_processors */ /* juce_audio_processors */ = {isa = PBXFileReference; lastKnownFileType = folder; name = juce_audio_processors; path = ../../JuceLibraryCode/modules/juce_audio_processors; sourceTree = SOURCE_ROOT; };
		B1FAEBBC0B8073BAE84C5665 /* PlaybackProcessor.h */ /* PlaybackProcessor.h */ = {isa = PBXFileReference; lastKnownFileType = sourcecode.c.h; name = PlaybackProcessor.h; path = ../../Source/PlaybackProcessor.h; sourceTree = SOURCE_ROOT; };
		B243F8F5ADFF280683E55EE1 /* Security.framework */ /* Security.framework */ = {isa = PBXFileReference; lastKnownFileType = wrapper.framework; name = Security.framework; path = System/Library/Frameworks/Security.framework; sourceTree = SDKROOT; };
		B2CCBF7C3614EE8B865D41C0 /* include_juce_graphics.mm */ /* include_juce_graphics.mm */ = {isa = PBXFileReference; lastKnownFileType = sourcecode.cpp.objcpp; name = include_juce_graphics.mm; path = ../../JuceLibraryCode/include_juce_graphics.mm; sourceTree = SOURCE_ROOT; };
		B9149690533DD3D5D70543AA /* WaveformEditor.h */ /* WaveformEditor.h */ = {isa = PBXFileReference; lastKnownFileType = sourcecode.c.h; name = WaveformEditor.h; path = ../../Source/Sampler/Source/Components/WaveformEditor.h; sourceTree = SOURCE_ROOT; };
		BFD142EBB8AFBADC8AB04A8A /* FaustProcessor.cpp */ /* FaustProcessor.cpp */ = {isa = PBXFileReference; lastKnownFileType = sourcecode.cpp.cpp; name = FaustProcessor.cpp; path = ../../Source/FaustProcessor.cpp; sourceTree = SOURCE_ROOT; };
		C20139B2E8CF4DC6B19AC0A6 /* ReverbProcessor.h */ /* ReverbProcessor.h */ = {isa = PBXFileReference; lastKnownFileType = sourcecode.c.h; name = ReverbProcessor.h; path = ../../Source/ReverbProcessor.h; sourceTree = SOURCE_ROOT; };
		C503A9D9F3009D679DBFC556 /* FilterProcessor.h */ /* FilterProcessor.h */ = {isa = PBXFileReference; lastKnownFileType = sourcecode.c.h; name = FilterProcessor.h; path = ../../Source/FilterProcessor.h; sourceTree = SOURCE_ROOT; };
		C519012CDDE2CA92FF58903A /* include_juce_video.mm */ /* include_juce_video.mm */ = {isa = PBXFileReference; lastKnownFileType = sourcecode.cpp.objcpp; name = include_juce_video.mm; path = ../../JuceLibraryCode/include_juce_video.mm; sourceTree = SOURCE_ROOT; };
		C5A12760CCD5CE6DD270F92F /* CustomParameters.cpp */ /* CustomParameters.cpp */ = {isa = PBXFileReference; lastKnownFileType = sourcecode.cpp.cpp; name = CustomParameters.cpp; path = ../../Source/CustomParameters.cpp; sourceTree = SOURCE_ROOT; };
		C5E04D72E37F04C0663E5EA6 /* CoreMIDI.framework */ /* CoreMIDI.framework */ = {isa = PBXFileReference; lastKnownFileType = wrapper.framework; name = CoreMIDI.framework; path = System/Library/Frameworks/CoreMIDI.framework; sourceTree = SDKROOT; };
		C6695EB398FC46133B7FAC70 /* PlaybackPositionOverlay.h */ /* PlaybackPositionOverlay.h */ = {isa = PBXFileReference; lastKnownFileType = sourcecode.c.h; name = PlaybackPositionOverlay.h; path = ../../Source/Sampler/Source/Components/PlaybackPositionOverlay.h; sourceTree = SOURCE_ROOT; };
		C713F7F77E549E8C08771E49 /* AbletonClipInfo.h */ /* AbletonClipInfo.h */ = {isa = PBXFileReference; lastKnownFileType = sourcecode.c.h; name = AbletonClipInfo.h; path = ../../Source/AbletonClipInfo.h; sourceTree = SOURCE_ROOT; };
		D2350C56CE13419F5D6CF40E /* QuartzCore.framework */ /* QuartzCore.framework */ = {isa = PBXFileReference; lastKnownFileType = wrapper.framework; name = QuartzCore.framework; path = System/Library/Frameworks/QuartzCore.framework; sourceTree = SDKROOT; };
		D28A24FB27CA55E92A5894F7 /* include_juce_audio_basics.mm */ /* include_juce_audio_basics.mm */ = {isa = PBXFileReference; lastKnownFileType = sourcecode.cpp.objcpp; name = include_juce_audio_basics.mm; path = ../../JuceLibraryCode/include_juce_audio_basics.mm; sourceTree = SOURCE_ROOT; };
		D68C9F4F1959369550A30E40 /* ProcessorBase.h */ /* ProcessorBase.h */ = {isa = PBXFileReference; lastKnownFileType = sourcecode.c.h; name = ProcessorBase.h; path = ../../Source/ProcessorBase.h; sourceTree = SOURCE_ROOT; };
		DA5D0A9D3542DCB5ACFC8FB8 /* FaustSignalAPI.cpp */ /* FaustSignalAPI.cpp */ = {isa = PBXFileReference; lastKnownFileType = sourcecode.cpp.cpp; name = FaustSignalAPI.cpp; path = ../../Source/FaustSignalAPI.cpp; sourceTree = SOURCE_ROOT; };
		DCD854F4B3B43A1DA45B9772 /* juce_graphics */ /* juce_graphics */ = {isa = PBXFileReference; lastKnownFileType = folder; name = juce_graphics; path = ../../JuceLibraryCode/modules/juce_graphics; sourceTree = SOURCE_ROOT; };
		DE2959972547E114EB1E1FCD /* include_juce_data_structures.mm */ /* include_juce_data_structures.mm */ = {isa = PBXFileReference; lastKnownFileType = sourcecode.cpp.objcpp; name = include_juce_data_structures.mm; path = ../../JuceLibraryCode/include_juce_data_structures.mm; sourceTree = SOURCE_ROOT; };
		E0756912D4AE6F8AF5A16B05 /* IOKit.framework */ /* IOKit.framework */ = {isa = PBXFileReference; lastKnownFileType = wrapper.framework; name = IOKit.framework; path = System/Library/Frameworks/IOKit.framework; sourceTree = SDKROOT; };
		E1702F384A1B12CB2EE282EA /* MainSamplerView.h */ /* MainSamplerView.h */ = {isa = PBXFileReference; lastKnownFileType = sourcecode.c.h; name = MainSamplerView.h; path = ../../Source/Sampler/Source/Components/MainSamplerView.h; sourceTree = SOURCE_ROOT; };
		E298694540FF263BD4E5BE9F /* juce_events */ /* juce_events */ = {isa = PBXFileReference; lastKnownFileType = folder; name = juce_events; path = ../../JuceLibraryCode/modules/juce_events; sourceTree = SOURCE_ROOT; };
		E4E23DF360EE14C337676E2D /* CoreAudioKit.framework */ /* CoreAudioKit.framework */ = {isa = PBXFileReference; lastKnownFileType = wrapper.framework; name = CoreAudioKit.framework; path = System/Library/Frameworks/CoreAudioKit.framework; sourceTree = SDKROOT; };
		E509A0F26C79C43A3E0FE2EE /* juce_gui_basics */ /* juce_gui_basics */ = {isa = PBXFileReference; lastKnownFileType = folder; name = juce_gui_basics; path = ../../JuceLibraryCode/modules/juce_gui_basics; sourceTree = SOURCE_ROOT; };
		E650A1CEFBCEA41ACC720536 /* PannerProcessor.h */ /* PannerProcessor.h */ = {isa = PBXFileReference; lastKnownFileType = sourcecode.c.h; name = PannerProcessor.h; path = ../../Source/PannerProcessor.h; sourceTree = SOURCE_ROOT; };
		E708FA619BD84DB7FB29A04F /* JuceHeader.h */ /* JuceHeader.h */ = {isa = PBXFileReference; lastKnownFileType = sourcecode.c.h; name = JuceHeader.h; path = ../../JuceLibraryCode/JuceHeader.h; sourceTree = SOURCE_ROOT; };
		EBF2A63A7FF480DD2DEE651F /* custom_nanobind_wrappers.cpp */ /* custom_nanobind_wrappers.cpp */ = {isa = PBXFileReference; lastKnownFileType = sourcecode.cpp.cpp; name = custom_nanobind_wrappers.cpp; path = ../../Source/custom_nanobind_wrappers.cpp; sourceTree = SOURCE_ROOT; };
		EE65D34C5FCFBF1D5F6C12D8 /* PluginProcessor.h */ /* PluginProcessor.h */ = {isa = PBXFileReference; lastKnownFileType = sourcecode.c.h; name = PluginProcessor.h; path = ../../Source/PluginProcessor.h; sourceTree = SOURCE_ROOT; };
		F104AEBCDAA3E1EEA40229DD /* MemoryAudioFormatReaderFactory.h */ /* MemoryAudioFormatReaderFactory.h */ = {isa = PBXFileReference; lastKnownFileType = sourcecode.c.h; name = MemoryAudioFormatReaderFactory.h; path = ../../Source/Sampler/Source/MemoryAudioFormatReaderFactory.h; sourceTree = SOURCE_ROOT; };
		F4931372A47472278984A844 /* MPENewSettingsComponent.h */ /* MPENewSettingsComponent.h */ = {isa = PBXFileReference; lastKnownFileType = sourcecode.c.h; name = MPENewSettingsComponent.h; path = ../../Source/Sampler/Source/Components/MPENewSettingsComponent.h; sourceTree = SOURCE_ROOT; };
		F6292EE0E076D51FA606BE5D /* juce_opengl */ /* juce_opengl */ = {isa = PBXFileReference; lastKnownFileType = folder; name = juce_opengl; path = ../../JuceLibraryCode/modules/juce_opengl; sourceTree = SOURCE_ROOT; };
		F77F519C38E3EA04C3309E8D /* include_juce_cryptography.mm */ /* include_juce_cryptography.mm */ = {isa = PBXFileReference; lastKnownFileType = sourcecode.cpp.objcpp; name = include_juce_cryptography.mm; path = ../../JuceLibraryCode/include_juce_cryptography.mm; sourceTree = SOURCE_ROOT; };
		F7EDC034912036BE18A95734 /* PlaybackWarpProcessor.h */ /* PlaybackWarpProcessor.h */ = {isa = PBXFileReference; lastKnownFileType = sourcecode.c.h; name = PlaybackWarpProcessor.h; path = ../../Source/PlaybackWarpProcessor.h; sourceTree = SOURCE_ROOT; };
		F8BACD8C3D852EABE626834C /* SamplerPluginDemo.h */ /* SamplerPluginDemo.h */ = {isa = PBXFileReference; lastKnownFileType = sourcecode.c.h; name = SamplerPluginDemo.h; path = ../../Source/Sampler/Source/SamplerPluginDemo.h; sourceTree = SOURCE_ROOT; };
		F9B35915956DF9CA74D0E4B0 /* juce_video */ /* juce_video */ = {isa = PBXFileReference; lastKnownFileType = folder; name = juce_video; path = ../../JuceLibraryCode/modules/juce_video; sourceTree = SOURCE_ROOT; };
		FEA86DE22A65D6278611157A /* include_juce_audio_processors_lv2_libs.cpp */ /* include_juce_audio_processors_lv2_libs.cpp */ = {isa = PBXFileReference; lastKnownFileType = sourcecode.cpp.cpp; name = include_juce_audio_processors_lv2_libs.cpp; path = ../../JuceLibraryCode/include_juce_audio_processors_lv2_libs.cpp; sourceTree = SOURCE_ROOT; };
/* End PBXFileReference section */

/* Begin PBXFrameworksBuildPhase section */
		AA6FF26CF39EDBD72B8B4B32 = {
			isa = PBXFrameworksBuildPhase;
			buildActionMask = 2147483647;
			files = (
				428157405D2A574C22BF5B3D,
				158D137D07F738CDB6AD2028,
				4F9D459C6BC8A719CF73A1E0,
				A376ADE2384A37361A90737F,
				B706959A5956C712DB69C177,
				D8E2F775028097109496AAA1,
				969FB6089449B8EF662494AE,
				E6C27C09FEC5B3BBEC75F414,
				BF362117EA445AAE01724022,
				2835643E77629616123340C4,
				BDBBC7F742E36F770A6A0D45,
				C0D03D32EA25F7011FECF9F6,
				29782FB7B1C181EA8900F409,
				8CB86F722980F4262C64B7D7,
				DF5374E67F8812D79694279E,
				31D395DB17463EFA64FFF6EE,
				9220E9F1E4B8AE7DA6C45322,
				A216E35DCCBFEEC04D4A7E45,
			);
			runOnlyForDeploymentPostprocessing = 0;
		};
/* End PBXFrameworksBuildPhase section */

/* Begin PBXGroup section */
		446621C2D378D7F6ACB21B1E /* Components */ = {
			isa = PBXGroup;
			children = (
				1E9DDEDC44B84AC20436D9A6,
				5E78CB5125AD5B7A9848A603,
				E1702F384A1B12CB2EE282EA,
				9F37A0F01B91ECF513361AD0,
				F4931372A47472278984A844,
				14889BCC2ABB86444A7F75E9,
				C6695EB398FC46133B7FAC70,
				23A77F04A78FE8BE62F85C95,
				B9149690533DD3D5D70543AA,
				813727514E7E0F4593240E30,
			);
			name = Components;
			sourceTree = "<group>";
		};
		59B6415E3F36E89A3029631B /* Source */ = {
			isa = PBXGroup;
			children = (
				80E748D2188F2AF3D315A940,
				A7816E7844C668EEDABB06DC,
				E1BFA6035E4EEBBA1C63B230,
				829AF14E346BA29EBF974C13,
				AA57FFD6AC57DA84194BBE29,
				E6EF9BF1DC20817FB05535FE,
			);
			name = Source;
			sourceTree = "<group>";
		};
		7F56BAE06E26A69929544B79 /* DataModels */ = {
			isa = PBXGroup;
			children = (
				5691FDBCADAAE7C01869F756,
				4782971C3066F785B5354384,
				A997E92A77CDFA70A6536BBD,
				9BDB3F17F6111E9FDF1761B4,
				5F6BCB65212E4D3138FCEBCB,
			);
			name = DataModels;
			sourceTree = "<group>";
		};
		80E748D2188F2AF3D315A940 /* DawDreamer */ = {
			isa = PBXGroup;
			children = (
				8F89054ADBB293AB08863BE0,
				E553BE5C53ED6D87F71CC515,
				7C90363A6D8BA8EA0D91A985,
				C5A12760CCD5CE6DD270F92F,
				3EA3A6D2AC34C3B60DD9111C,
				EBF2A63A7FF480DD2DEE651F,
				5BA523F3989B445516A7168D,
				094BECA334087BBDDA1CA022,
				58E5949DCB62BE84406F882C,
				55A7EED856ACF66C119C1D8F,
				4B4337E31892157AAFCBD879,
			);
			name = DawDreamer;
			sourceTree = "<group>";
		};
		829AF14E346BA29EBF974C13 /* Resources */ = {
			isa = PBXGroup;
			children = (
				A2C8C58317A62AD9BB716394,
			);
			name = Resources;
			sourceTree = "<group>";
		};
		8F89054ADBB293AB08863BE0 /* Libsamplerate */ = {
			isa = PBXGroup;
			children = (
				41F9CCC5586A494C6A26B0B1,
			);
			name = Libsamplerate;
			sourceTree = "<group>";
		};
		A7816E7844C668EEDABB06DC /* JUCE Modules */ = {
			isa = PBXGroup;
			children = (
				496784779D5E3B5A1BDB5FCB,
				75EBBC88D548917BF44C5CB7,
				120826105E7F7F01EB90E2DD,
				AD248A6B37034D215326CB7F,
				3AAA87ED81FE59EA46C6FE62,
				4D082FC559B1AA034CF62DE3,
				395AC07199E9D2807E5186E1,
				515FEE4F481AB0CBB0190CFC,
				E298694540FF263BD4E5BE9F,
				DCD854F4B3B43A1DA45B9772,
				E509A0F26C79C43A3E0FE2EE,
				1B0D8682D71DE335787BA764,
				F6292EE0E076D51FA606BE5D,
				F9B35915956DF9CA74D0E4B0,
			);
			name = "JUCE Modules";
			sourceTree = "<group>";
		};
		AA57FFD6AC57DA84194BBE29 /* Frameworks */ = {
			isa = PBXGroup;
			children = (
				1D609F443B08D98D397EEC1C,
				553C0A3501582EE95328719B,
				81E1E946E734ED2D5F139566,
				4C016F8E9E5EB85EF51350D2,
				63F2199F8507C7736C402439,
				7EC708BB8670BC4B971F031E,
				2AFB20E3BF20B006326ADE78,
				E4E23DF360EE14C337676E2D,
				6A14048B99596E7E39EAE4DD,
				C5E04D72E37F04C0663E5EA6,
				5F7714E09DFF1DD96B6A9E1A,
				E0756912D4AE6F8AF5A16B05,
				1B24D4A69BF5E24D9E0DB1E5,
				D2350C56CE13419F5D6CF40E,
				B243F8F5ADFF280683E55EE1,
				7FC28740B3DC997941439C94,
				862E281E065C481F1DD68ABE,
				023080B0911E6794DD8D4D14,
			);
			name = Frameworks;
			sourceTree = "<group>";
		};
		D5EBA3BB8BAA3B120AB80BBF /* Sampler */ = {
			isa = PBXGroup;
			children = (
				446621C2D378D7F6ACB21B1E,
				7F56BAE06E26A69929544B79,
				AA2C7D7E9590EB6623631A35,
				551403951D49BE1C7B54347E,
				77225857E3039695FE11D4CC,
				8F78B14DAA164DE1331AD3FD,
				F104AEBCDAA3E1EEA40229DD,
				6C3852FA3BE19463FBBD6CD8,
				7E3996C741A751CA115B37E9,
				1BD301AA7CD8CC5E4FF1B80A,
				0144F71788C0BA26D2427CEA,
				950B050EA948807CC56423AA,
				9A5A5CF18A53538DC4C811D1,
				845C73442A853AAC5FB09A34,
				0437FDFA6CF09192A01A9F89,
				76026663044192A10D5B059D,
				F8BACD8C3D852EABE626834C,
			);
			name = Sampler;
			sourceTree = "<group>";
		};
		E1BFA6035E4EEBBA1C63B230 /* JUCE Library Code */ = {
			isa = PBXGroup;
			children = (
				03A685E6693EE1741A43DE6D,
				D28A24FB27CA55E92A5894F7,
				3364D676B0400D289622EF11,
				03BD258F06159505E43073E1,
				A220ED8C412D2CBAF0152B24,
				356CE6A2709276F08338A0F7,
				FEA86DE22A65D6278611157A,
				6FB346F5BB408E7040CFE133,
				F77F519C38E3EA04C3309E8D,
				DE2959972547E114EB1E1FCD,
				2AA8CBD57F5CC5B7912A192F,
				29DB2C710702A8342635B8DF,
				B2CCBF7C3614EE8B865D41C0,
				9FDB1268E8AD800788F80B72,
				06AE4EC72C9D2D0775EF879E,
				066AA4F18B1578FAE9DEF375,
				C519012CDDE2CA92FF58903A,
				E708FA619BD84DB7FB29A04F,
			);
			name = "JUCE Library Code";
			sourceTree = "<group>";
		};
		E553BE5C53ED6D87F71CC515 /* Processors */ = {
			isa = PBXGroup;
			children = (
				44A26898F037A3E6B43EB911,
				D5EBA3BB8BAA3B120AB80BBF,
				C713F7F77E549E8C08771E49,
				70B722073FC3FB8EC6C4E41D,
				78374C29A67C0EFF6E21ED37,
				E650A1CEFBCEA41ACC720536,
				C20139B2E8CF4DC6B19AC0A6,
				8038F1D9B3CEBD503DE7AD1F,
				4915A3C580F0DAA69FAAED98,
				9ABCCF2DBAA01DE762D8BD60,
				BFD142EBB8AFBADC8AB04A8A,
				42A1913A8354FD47FE96B6D2,
				405C5C02878443703995052F,
				07B214A6EFC7D8F79AE04C14,
				DA5D0A9D3542DCB5ACFC8FB8,
				7332613820553661C4FA3CD8,
				C503A9D9F3009D679DBFC556,
				1799B9631459052DD116F71A,
				F7EDC034912036BE18A95734,
				AB39C0017B2EE44B9E510D89,
				B1FAEBBC0B8073BAE84C5665,
				EE65D34C5FCFBF1D5F6C12D8,
				2F962B6F6EA479E59F083A16,
				D68C9F4F1959369550A30E40,
				253FF1803B46DE27BAFE0B1E,
			);
			name = Processors;
			sourceTree = "<group>";
		};
		E6EF9BF1DC20817FB05535FE /* Products */ = {
			isa = PBXGroup;
			children = (
				14D8BBB0AE299D04ACF0C062,
			);
			name = Products;
			sourceTree = "<group>";
		};
/* End PBXGroup section */

/* Begin PBXNativeTarget section */
		E98E387BEE39DA3BB2453E26 /* DawDreamer - Dynamic Library */ = {
			isa = PBXNativeTarget;
			buildConfigurationList = 8554B8E109F0041E134ABD43;
			buildPhases = (
				F9532586338EB324FB3D0477,
				D55D5E0344C2869867B93269,
				AA6FF26CF39EDBD72B8B4B32,
			);
			buildRules = (
			);
			dependencies = (
			);
			name = "DawDreamer - Dynamic Library";
			productName = DawDreamer;
			productReference = 14D8BBB0AE299D04ACF0C062;
			productType = "com.apple.product-type.library.dynamic";
		};
/* End PBXNativeTarget section */

/* Begin PBXProject section */
		4A73310BAAAEBD94149F5709 = {
			isa = PBXProject;
			attributes = {
				BuildIndependentTargetsInParallel = YES;
				LastUpgradeCheck = 1340;
				ORGANIZATIONNAME = "";
			};
			buildConfigurationList = 2DB318F4D74C3E6033F2C720;
			compatibilityVersion = "Xcode 3.2";
			hasScannedForEncodings = 0;
			knownRegions = (
				en,
				Base,
			);
			mainGroup = 59B6415E3F36E89A3029631B;
			projectDirPath = "";
			projectRoot = "";
			targets = (
				E98E387BEE39DA3BB2453E26,
			);
		};
/* End PBXProject section */

/* Begin PBXResourcesBuildPhase section */
		F9532586338EB324FB3D0477 = {
			isa = PBXResourcesBuildPhase;
			buildActionMask = 2147483647;
			files = (
				590C8BAFBBD5D947DE4F00DB,
			);
			runOnlyForDeploymentPostprocessing = 0;
		};
/* End PBXResourcesBuildPhase section */

/* Begin PBXSourcesBuildPhase section */
		D55D5E0344C2869867B93269 = {
			isa = PBXSourcesBuildPhase;
			buildActionMask = 2147483647;
			files = (
				D915E61C72D98F0B97F31690,
				911FCAF5D38B28CA617932B9,
				EC456483653E6271848DB065,
				972909F8E3C96F724A1E69AE,
				B942805B7846AE297800EF37,
				E358C00D8D92D35AFBC9944C,
				C35B14ADF95F2812599EB42D,
				E3F94999130BC1FFAB7F9829,
				7C6656C8A61187E3C9113001,
				210F38443F9D77354A4B28EB,
				92F6A21BA484A258A4EF5F23,
				BD1166D575CE2FE6886E0DFC,
				1B14253412716097BBB38A9B,
				6A7E240E276031B00BDFCFB7,
				E2953514E7A721EFB0252A7A,
				48CA111A7776D753A8BFF02E,
				A36633FC72AA916869FA8B33,
				3331B6C0CCADE7C79E00AA8D,
				F2B685C5405CA2318DDF0273,
				2706724BA659554B6F4EE85E,
				410431C9B0A9CD5D15AFE737,
				43CF16C66E5C10A00505A7B0,
				7C6BB131144A3B730811CCDD,
				C4250D079CD4B8F0C8D5FBBA,
				B40655DA3166083A19A8BFFE,
				24E83A217028D2AEF88FF90E,
				03E7579908465C2C4C83596E,
				EDAE68939B34523D0DB82066,
				EC32BD72FBDEAD5B0AA0C704,
				7F31E8E6BCA6C4D063D57689,
				DFE780784ED99EACC1B654A6,
				A57AA5B8EA2A23EF5E99E0D2,
				C9200467702F9E5502DCC9F0,
			);
			runOnlyForDeploymentPostprocessing = 0;
		};
/* End PBXSourcesBuildPhase section */

/* Begin XCBuildConfiguration section */
		2AE45FF97A8B5B5B149589A2 /* Release-arm64 */ = {
			isa = XCBuildConfiguration;
			buildSettings = {
				ALWAYS_SEARCH_USER_PATHS = NO;
				CLANG_ENABLE_OBJC_WEAK = YES;
				CLANG_WARN_BLOCK_CAPTURE_AUTORELEASING = YES;
				CLANG_WARN_BOOL_CONVERSION = YES;
				CLANG_WARN_COMMA = YES;
				CLANG_WARN_CONSTANT_CONVERSION = YES;
				CLANG_WARN_DEPRECATED_OBJC_IMPLEMENTATIONS = YES;
				CLANG_WARN_EMPTY_BODY = YES;
				CLANG_WARN_ENUM_CONVERSION = YES;
				CLANG_WARN_INFINITE_RECURSION = YES;
				CLANG_WARN_INT_CONVERSION = YES;
				CLANG_WARN_NON_LITERAL_NULL_CONVERSION = YES;
				CLANG_WARN_OBJC_IMPLICIT_RETAIN_SELF = YES;
				CLANG_WARN_OBJC_LITERAL_CONVERSION = YES;
				CLANG_WARN_RANGE_LOOP_ANALYSIS = YES;
				CLANG_WARN_STRICT_PROTOTYPES = YES;
				CLANG_WARN_SUSPICIOUS_MOVE = YES;
				CLANG_WARN_UNREACHABLE_CODE = YES;
				CLANG_WARN__DUPLICATE_METHOD_MATCH = YES;
				DEBUG_INFORMATION_FORMAT = dwarf;
				ENABLE_STRICT_OBJC_MSGSEND = YES;
				ENABLE_TESTABILITY = NO;
				GCC_C_LANGUAGE_STANDARD = c11;
				GCC_INLINES_ARE_PRIVATE_EXTERN = YES;
				GCC_MODEL_TUNING = G5;
				GCC_NO_COMMON_BLOCKS = YES;
				GCC_SYMBOLS_PRIVATE_EXTERN = YES;
				GCC_WARN_64_TO_32_BIT_CONVERSION = YES;
				GCC_WARN_ABOUT_RETURN_TYPE = YES;
				GCC_WARN_CHECK_SWITCH_STATEMENTS = YES;
				GCC_WARN_MISSING_PARENTHESES = YES;
				GCC_WARN_NON_VIRTUAL_DESTRUCTOR = YES;
				GCC_WARN_TYPECHECK_CALLS_TO_PRINTF = YES;
				GCC_WARN_UNDECLARED_SELECTOR = YES;
				GCC_WARN_UNINITIALIZED_AUTOS = YES;
				GCC_WARN_UNUSED_FUNCTION = YES;
				GCC_WARN_UNUSED_VARIABLE = YES;
				OTHER_CODE_SIGN_FLAGS = --timestamp;
				PRODUCT_NAME = "dawdreamer.so";
				SDKROOT = macosx;
				WARNING_CFLAGS = "-Wreorder";
				ZERO_LINK = NO;
			};
			name = "Release-arm64";
		};
		2EE6F8DDE5A27226BF02A8EA /* Release-x86_64 */ = {
			isa = XCBuildConfiguration;
			buildSettings = {
				ALWAYS_SEARCH_USER_PATHS = NO;
				CLANG_ENABLE_OBJC_WEAK = YES;
				CLANG_WARN_BLOCK_CAPTURE_AUTORELEASING = YES;
				CLANG_WARN_BOOL_CONVERSION = YES;
				CLANG_WARN_COMMA = YES;
				CLANG_WARN_CONSTANT_CONVERSION = YES;
				CLANG_WARN_DEPRECATED_OBJC_IMPLEMENTATIONS = YES;
				CLANG_WARN_EMPTY_BODY = YES;
				CLANG_WARN_ENUM_CONVERSION = YES;
				CLANG_WARN_INFINITE_RECURSION = YES;
				CLANG_WARN_INT_CONVERSION = YES;
				CLANG_WARN_NON_LITERAL_NULL_CONVERSION = YES;
				CLANG_WARN_OBJC_IMPLICIT_RETAIN_SELF = YES;
				CLANG_WARN_OBJC_LITERAL_CONVERSION = YES;
				CLANG_WARN_RANGE_LOOP_ANALYSIS = YES;
				CLANG_WARN_STRICT_PROTOTYPES = YES;
				CLANG_WARN_SUSPICIOUS_MOVE = YES;
				CLANG_WARN_UNREACHABLE_CODE = YES;
				CLANG_WARN__DUPLICATE_METHOD_MATCH = YES;
				DEBUG_INFORMATION_FORMAT = dwarf;
				ENABLE_STRICT_OBJC_MSGSEND = YES;
				ENABLE_TESTABILITY = NO;
				GCC_C_LANGUAGE_STANDARD = c11;
				GCC_INLINES_ARE_PRIVATE_EXTERN = YES;
				GCC_MODEL_TUNING = G5;
				GCC_NO_COMMON_BLOCKS = YES;
				GCC_SYMBOLS_PRIVATE_EXTERN = YES;
				GCC_WARN_64_TO_32_BIT_CONVERSION = YES;
				GCC_WARN_ABOUT_RETURN_TYPE = YES;
				GCC_WARN_CHECK_SWITCH_STATEMENTS = YES;
				GCC_WARN_MISSING_PARENTHESES = YES;
				GCC_WARN_NON_VIRTUAL_DESTRUCTOR = YES;
				GCC_WARN_TYPECHECK_CALLS_TO_PRINTF = YES;
				GCC_WARN_UNDECLARED_SELECTOR = YES;
				GCC_WARN_UNINITIALIZED_AUTOS = YES;
				GCC_WARN_UNUSED_FUNCTION = YES;
				GCC_WARN_UNUSED_VARIABLE = YES;
				OTHER_CODE_SIGN_FLAGS = --timestamp;
				PRODUCT_NAME = "dawdreamer.so";
				SDKROOT = macosx;
				WARNING_CFLAGS = "-Wreorder";
				ZERO_LINK = NO;
			};
			name = "Release-x86_64";
		};
		3814B4B8C62B709DD030FBEA /* Debug-x86_64 */ = {
			isa = XCBuildConfiguration;
			buildSettings = {
				CLANG_CXX_LANGUAGE_STANDARD = "c++17";
				CLANG_CXX_LIBRARY = "libc++";
				CLANG_LINK_OBJC_RUNTIME = NO;
				COMBINE_HIDPI_IMAGES = YES;
				CONFIGURATION_BUILD_DIR = "$(PROJECT_DIR)/build/$(CONFIGURATION)";
				COPY_PHASE_STRIP = NO;
				EXCLUDED_ARCHS = "i386 arm64e";
				GCC_DYNAMIC_NO_PIC = NO;
				GCC_OPTIMIZATION_LEVEL = 0;
				GCC_PREPROCESSOR_DEFINITIONS = (
					"_DEBUG=1",
					"DEBUG=1",
					"PIP_JUCE_EXAMPLES_DIRECTORY=QzpcdG9vbHNcSlVDRVxleGFtcGxlcw==",
					"SAMPLER_SKIP_UI",
					"JUCE_MODAL_LOOPS_PERMITTED",
					"HAVE_LIBSAMPLERATE",
					"HAVE_VDSP",
					"USE_PTHREADS",
					"BUILD_DAWDREAMER_FAUST",
					"BUILD_DAWDREAMER_RUBBERBAND",
					"JUCER_XCODE_MAC_F6D2F4CF=1",
					"JUCE_APP_VERSION=0.8.3",
					"JUCE_APP_VERSION_HEX=0x803",
					"JucePlugin_Build_VST=0",
					"JucePlugin_Build_VST3=0",
					"JucePlugin_Build_AU=0",
					"JucePlugin_Build_AUv3=0",
					"JucePlugin_Build_AAX=0",
					"JucePlugin_Build_Standalone=0",
					"JucePlugin_Build_Unity=0",
					"JucePlugin_Build_LV2=0",
				);
				GCC_VERSION = com.apple.compilers.llvm.clang.1_0;
				HEADER_SEARCH_PATHS = (
					"$(SRCROOT)/../../JuceLibraryCode/modules/juce_audio_processors/format_types/LV2_SDK/lilv/src",
					"$(SRCROOT)/../../JuceLibraryCode/modules/juce_audio_processors/format_types/LV2_SDK/lilv",
					"$(SRCROOT)/../../JuceLibraryCode/modules/juce_audio_processors/format_types/LV2_SDK/sratom",
					"$(SRCROOT)/../../JuceLibraryCode/modules/juce_audio_processors/format_types/LV2_SDK/sord/src",
					"$(SRCROOT)/../../JuceLibraryCode/modules/juce_audio_processors/format_types/LV2_SDK/sord",
					"$(SRCROOT)/../../JuceLibraryCode/modules/juce_audio_processors/format_types/LV2_SDK/serd",
					"$(SRCROOT)/../../JuceLibraryCode/modules/juce_audio_processors/format_types/LV2_SDK/lv2",
					"$(SRCROOT)/../../JuceLibraryCode/modules/juce_audio_processors/format_types/LV2_SDK",
					"$(SRCROOT)/../../JuceLibraryCode/modules/juce_audio_processors/format_types/VST3_SDK",
					"$(SRCROOT)/../../thirdparty/JUCE/modules/juce_audio_processors/format_types/VST3_SDK",
					"$(SRCROOT)/../../JuceLibraryCode",
					"$(SRCROOT)/../../JuceLibraryCode/modules",
					"$(pythonLocation)/include/python$(PYTHONMAJOR)",
					"$(SRCROOT)/../../thirdparty",
					"$(SRCROOT)/../../thirdparty/nanobind/include",
					"$(SRCROOT)/../../thirdparty/nanobind/ext/robin_map/include",
					"$(SRCROOT)/../../thirdparty/faust/architecture",
					"$(SRCROOT)/../../thirdparty/faust/compiler",
					"$(SRCROOT)/../../thirdparty/faust/compiler/boxes",
					"$(SRCROOT)/../../thirdparty/faust/compiler/documentator",
					"$(SRCROOT)/../../thirdparty/faust/compiler/draw",
					"$(SRCROOT)/../../thirdparty/faust/compiler/draw/device",
					"$(SRCROOT)/../../thirdparty/faust/compiler/draw/schema",
					"$(SRCROOT)/../../thirdparty/faust/compiler/errors",
					"$(SRCROOT)/../../thirdparty/faust/compiler/evaluate",
					"$(SRCROOT)/../../thirdparty/faust/compiler/extended",
					"$(SRCROOT)/../../thirdparty/faust/compiler/generator",
					"$(SRCROOT)/../../thirdparty/faust/compiler/generator/interpreter",
					"$(SRCROOT)/../../thirdparty/faust/compiler/normalize",
					"$(SRCROOT)/../../thirdparty/faust/compiler/parallelize",
					"$(SRCROOT)/../../thirdparty/faust/compiler/parser",
					"$(SRCROOT)/../../thirdparty/faust/compiler/patternmatcher",
					"$(SRCROOT)/../../thirdparty/faust/compiler/propagate",
					"$(SRCROOT)/../../thirdparty/faust/compiler/signals",
					"$(SRCROOT)/../../thirdparty/faust/compiler/tlib",
					"$(SRCROOT)/../../thirdparty/faust/compiler/transform",
					"$(SRCROOT)/../../thirdparty/faust/compiler/utils",
					"$(SRCROOT)/../../thirdparty/libsamplerate/src",
					"$(SRCROOT)/../../thirdparty/libsamplerate/include",
					"$(inherited)",
				);
				LIBRARY_SEARCH_PATHS = (
					"$(inherited)",
					"\"$(pythonLocation)/lib\"",
					"\"../../thirdparty/libfaust/darwin-x64/Debug/lib\"",
					"\"../../thirdparty/libsamplerate/build_debug/src\"",
				);
				MACOSX_DEPLOYMENT_TARGET = 11.0;
				MTL_HEADER_SEARCH_PATHS = "$(SRCROOT)/../../JuceLibraryCode/modules/juce_audio_processors/format_types/LV2_SDK/lilv/src $(SRCROOT)/../../JuceLibraryCode/modules/juce_audio_processors/format_types/LV2_SDK/lilv $(SRCROOT)/../../JuceLibraryCode/modules/juce_audio_processors/format_types/LV2_SDK/sratom $(SRCROOT)/../../JuceLibraryCode/modules/juce_audio_processors/format_types/LV2_SDK/sord/src $(SRCROOT)/../../JuceLibraryCode/modules/juce_audio_processors/format_types/LV2_SDK/sord $(SRCROOT)/../../JuceLibraryCode/modules/juce_audio_processors/format_types/LV2_SDK/serd $(SRCROOT)/../../JuceLibraryCode/modules/juce_audio_processors/format_types/LV2_SDK/lv2 $(SRCROOT)/../../JuceLibraryCode/modules/juce_audio_processors/format_types/LV2_SDK $(SRCROOT)/../../JuceLibraryCode/modules/juce_audio_processors/format_types/VST3_SDK $(SRCROOT)/../../thirdparty/JUCE/modules/juce_audio_processors/format_types/VST3_SDK $(SRCROOT)/../../JuceLibraryCode $(SRCROOT)/../../JuceLibraryCode/modules $(pythonLocation)/include/python$(PYTHONMAJOR) $(SRCROOT)/../../thirdparty $(SRCROOT)/../../thirdparty/nanobind/include $(SRCROOT)/../../thirdparty/nanobind/ext/robin_map/include $(SRCROOT)/../../thirdparty/faust/architecture $(SRCROOT)/../../thirdparty/faust/compiler $(SRCROOT)/../../thirdparty/faust/compiler/boxes $(SRCROOT)/../../thirdparty/faust/compiler/documentator $(SRCROOT)/../../thirdparty/faust/compiler/draw $(SRCROOT)/../../thirdparty/faust/compiler/draw/device $(SRCROOT)/../../thirdparty/faust/compiler/draw/schema $(SRCROOT)/../../thirdparty/faust/compiler/errors $(SRCROOT)/../../thirdparty/faust/compiler/evaluate $(SRCROOT)/../../thirdparty/faust/compiler/extended $(SRCROOT)/../../thirdparty/faust/compiler/generator $(SRCROOT)/../../thirdparty/faust/compiler/generator/interpreter $(SRCROOT)/../../thirdparty/faust/compiler/normalize $(SRCROOT)/../../thirdparty/faust/compiler/parallelize $(SRCROOT)/../../thirdparty/faust/compiler/parser $(SRCROOT)/../../thirdparty/faust/compiler/patternmatcher $(SRCROOT)/../../thirdparty/faust/compiler/propagate $(SRCROOT)/../../thirdparty/faust/compiler/signals $(SRCROOT)/../../thirdparty/faust/compiler/tlib $(SRCROOT)/../../thirdparty/faust/compiler/transform $(SRCROOT)/../../thirdparty/faust/compiler/utils $(SRCROOT)/../../thirdparty/libsamplerate/src $(SRCROOT)/../../thirdparty/libsamplerate/include";
				OTHER_CFLAGS = "-fPIC";
				OTHER_CPLUSPLUSFLAGS = "-fPIC";
				OTHER_LDFLAGS = "-lsamplerate -lfaustwithllvm -shared -Wl,-undefined,dynamic_lookup";
				PRODUCT_BUNDLE_IDENTIFIER = design.dirt.DawDreamer;
				PRODUCT_NAME = "dawdreamer.so";
				USE_HEADERMAP = NO;
				VALIDATE_WORKSPACE_SKIPPED_SDK_FRAMEWORKS = OpenGL;
				VALID_ARCHS = "arm64 x86_64";
			};
			name = "Debug-x86_64";
		};
		502873F5F91BBCA42CF04FFC /* Release-x86_64 */ = {
			isa = XCBuildConfiguration;
			buildSettings = {
				CLANG_CXX_LANGUAGE_STANDARD = "c++17";
				CLANG_CXX_LIBRARY = "libc++";
				CLANG_LINK_OBJC_RUNTIME = NO;
				COMBINE_HIDPI_IMAGES = YES;
				CONFIGURATION_BUILD_DIR = "$(PROJECT_DIR)/build/$(CONFIGURATION)";
				DEAD_CODE_STRIPPING = YES;
				EXCLUDED_ARCHS = "i386 arm64e";
				GCC_GENERATE_DEBUGGING_SYMBOLS = NO;
				GCC_OPTIMIZATION_LEVEL = 3;
				GCC_PREPROCESSOR_DEFINITIONS = (
					"_NDEBUG=1",
					"NDEBUG=1",
					"PIP_JUCE_EXAMPLES_DIRECTORY=QzpcdG9vbHNcSlVDRVxleGFtcGxlcw==",
					"SAMPLER_SKIP_UI",
					"JUCE_MODAL_LOOPS_PERMITTED",
					"HAVE_LIBSAMPLERATE",
					"HAVE_VDSP",
					"USE_PTHREADS",
					"BUILD_DAWDREAMER_FAUST",
					"BUILD_DAWDREAMER_RUBBERBAND",
					"JUCER_XCODE_MAC_F6D2F4CF=1",
					"JUCE_APP_VERSION=0.8.3",
					"JUCE_APP_VERSION_HEX=0x803",
					"JucePlugin_Build_VST=0",
					"JucePlugin_Build_VST3=0",
					"JucePlugin_Build_AU=0",
					"JucePlugin_Build_AUv3=0",
					"JucePlugin_Build_AAX=0",
					"JucePlugin_Build_Standalone=0",
					"JucePlugin_Build_Unity=0",
					"JucePlugin_Build_LV2=0",
				);
				GCC_VERSION = com.apple.compilers.llvm.clang.1_0;
				HEADER_SEARCH_PATHS = (
					"$(SRCROOT)/../../JuceLibraryCode/modules/juce_audio_processors/format_types/LV2_SDK/lilv/src",
					"$(SRCROOT)/../../JuceLibraryCode/modules/juce_audio_processors/format_types/LV2_SDK/lilv",
					"$(SRCROOT)/../../JuceLibraryCode/modules/juce_audio_processors/format_types/LV2_SDK/sratom",
					"$(SRCROOT)/../../JuceLibraryCode/modules/juce_audio_processors/format_types/LV2_SDK/sord/src",
					"$(SRCROOT)/../../JuceLibraryCode/modules/juce_audio_processors/format_types/LV2_SDK/sord",
					"$(SRCROOT)/../../JuceLibraryCode/modules/juce_audio_processors/format_types/LV2_SDK/serd",
					"$(SRCROOT)/../../JuceLibraryCode/modules/juce_audio_processors/format_types/LV2_SDK/lv2",
					"$(SRCROOT)/../../JuceLibraryCode/modules/juce_audio_processors/format_types/LV2_SDK",
					"$(SRCROOT)/../../JuceLibraryCode/modules/juce_audio_processors/format_types/VST3_SDK",
					"$(SRCROOT)/../../thirdparty/JUCE/modules/juce_audio_processors/format_types/VST3_SDK",
					"$(SRCROOT)/../../JuceLibraryCode",
					"$(SRCROOT)/../../JuceLibraryCode/modules",
					"$(pythonLocation)/include/python$(PYTHONMAJOR)",
					"$(SRCROOT)/../../thirdparty",
					"$(SRCROOT)/../../thirdparty/nanobind/include",
					"$(SRCROOT)/../../thirdparty/nanobind/ext/robin_map/include",
					"$(SRCROOT)/../../thirdparty/faust/architecture",
					"$(SRCROOT)/../../thirdparty/faust/compiler",
					"$(SRCROOT)/../../thirdparty/faust/compiler/boxes",
					"$(SRCROOT)/../../thirdparty/faust/compiler/documentator",
					"$(SRCROOT)/../../thirdparty/faust/compiler/draw",
					"$(SRCROOT)/../../thirdparty/faust/compiler/draw/device",
					"$(SRCROOT)/../../thirdparty/faust/compiler/draw/schema",
					"$(SRCROOT)/../../thirdparty/faust/compiler/errors",
					"$(SRCROOT)/../../thirdparty/faust/compiler/evaluate",
					"$(SRCROOT)/../../thirdparty/faust/compiler/extended",
					"$(SRCROOT)/../../thirdparty/faust/compiler/generator",
					"$(SRCROOT)/../../thirdparty/faust/compiler/generator/interpreter",
					"$(SRCROOT)/../../thirdparty/faust/compiler/normalize",
					"$(SRCROOT)/../../thirdparty/faust/compiler/parallelize",
					"$(SRCROOT)/../../thirdparty/faust/compiler/parser",
					"$(SRCROOT)/../../thirdparty/faust/compiler/patternmatcher",
					"$(SRCROOT)/../../thirdparty/faust/compiler/propagate",
					"$(SRCROOT)/../../thirdparty/faust/compiler/signals",
					"$(SRCROOT)/../../thirdparty/faust/compiler/tlib",
					"$(SRCROOT)/../../thirdparty/faust/compiler/transform",
					"$(SRCROOT)/../../thirdparty/faust/compiler/utils",
					"$(SRCROOT)/../../thirdparty/libsamplerate/src",
					"$(SRCROOT)/../../thirdparty/libsamplerate/include",
					"$(inherited)",
				);
				LIBRARY_SEARCH_PATHS = (
					"$(inherited)",
					"\"$(pythonLocation)/lib\"",
					"\"../../thirdparty/libfaust/darwin-x64/Release/lib\"",
					"\"../../thirdparty/libsamplerate/build_release/src\"",
				);
				LLVM_LTO = YES;
				MACOSX_DEPLOYMENT_TARGET = 12.0;
				MTL_HEADER_SEARCH_PATHS = "$(SRCROOT)/../../JuceLibraryCode/modules/juce_audio_processors/format_types/LV2_SDK/lilv/src $(SRCROOT)/../../JuceLibraryCode/modules/juce_audio_processors/format_types/LV2_SDK/lilv $(SRCROOT)/../../JuceLibraryCode/modules/juce_audio_processors/format_types/LV2_SDK/sratom $(SRCROOT)/../../JuceLibraryCode/modules/juce_audio_processors/format_types/LV2_SDK/sord/src $(SRCROOT)/../../JuceLibraryCode/modules/juce_audio_processors/format_types/LV2_SDK/sord $(SRCROOT)/../../JuceLibraryCode/modules/juce_audio_processors/format_types/LV2_SDK/serd $(SRCROOT)/../../JuceLibraryCode/modules/juce_audio_processors/format_types/LV2_SDK/lv2 $(SRCROOT)/../../JuceLibraryCode/modules/juce_audio_processors/format_types/LV2_SDK $(SRCROOT)/../../JuceLibraryCode/modules/juce_audio_processors/format_types/VST3_SDK $(SRCROOT)/../../thirdparty/JUCE/modules/juce_audio_processors/format_types/VST3_SDK $(SRCROOT)/../../JuceLibraryCode $(SRCROOT)/../../JuceLibraryCode/modules $(pythonLocation)/include/python$(PYTHONMAJOR) $(SRCROOT)/../../thirdparty $(SRCROOT)/../../thirdparty/nanobind/include $(SRCROOT)/../../thirdparty/nanobind/ext/robin_map/include $(SRCROOT)/../../thirdparty/faust/architecture $(SRCROOT)/../../thirdparty/faust/compiler $(SRCROOT)/../../thirdparty/faust/compiler/boxes $(SRCROOT)/../../thirdparty/faust/compiler/documentator $(SRCROOT)/../../thirdparty/faust/compiler/draw $(SRCROOT)/../../thirdparty/faust/compiler/draw/device $(SRCROOT)/../../thirdparty/faust/compiler/draw/schema $(SRCROOT)/../../thirdparty/faust/compiler/errors $(SRCROOT)/../../thirdparty/faust/compiler/evaluate $(SRCROOT)/../../thirdparty/faust/compiler/extended $(SRCROOT)/../../thirdparty/faust/compiler/generator $(SRCROOT)/../../thirdparty/faust/compiler/generator/interpreter $(SRCROOT)/../../thirdparty/faust/compiler/normalize $(SRCROOT)/../../thirdparty/faust/compiler/parallelize $(SRCROOT)/../../thirdparty/faust/compiler/parser $(SRCROOT)/../../thirdparty/faust/compiler/patternmatcher $(SRCROOT)/../../thirdparty/faust/compiler/propagate $(SRCROOT)/../../thirdparty/faust/compiler/signals $(SRCROOT)/../../thirdparty/faust/compiler/tlib $(SRCROOT)/../../thirdparty/faust/compiler/transform $(SRCROOT)/../../thirdparty/faust/compiler/utils $(SRCROOT)/../../thirdparty/libsamplerate/src $(SRCROOT)/../../thirdparty/libsamplerate/include";
				OTHER_CFLAGS = "-fPIC";
				OTHER_CPLUSPLUSFLAGS = "-fPIC";
				OTHER_LDFLAGS = "-lsamplerate -lfaustwithllvm -shared -Wl,-undefined,dynamic_lookup";
				PRODUCT_BUNDLE_IDENTIFIER = design.dirt.DawDreamer;
				PRODUCT_NAME = "dawdreamer.so";
				USE_HEADERMAP = NO;
				VALIDATE_WORKSPACE_SKIPPED_SDK_FRAMEWORKS = OpenGL;
				VALID_ARCHS = "arm64 x86_64";
			};
			name = "Release-x86_64";
		};
		AB16223E4BC8E64E45689F63 /* Release-arm64 */ = {
			isa = XCBuildConfiguration;
			buildSettings = {
				CLANG_CXX_LANGUAGE_STANDARD = "c++17";
				CLANG_CXX_LIBRARY = "libc++";
				CLANG_LINK_OBJC_RUNTIME = NO;
				COMBINE_HIDPI_IMAGES = YES;
				CONFIGURATION_BUILD_DIR = "$(PROJECT_DIR)/build/$(CONFIGURATION)";
				DEAD_CODE_STRIPPING = YES;
				EXCLUDED_ARCHS = "i386 arm64e";
				GCC_GENERATE_DEBUGGING_SYMBOLS = NO;
				GCC_OPTIMIZATION_LEVEL = 3;
				GCC_PREPROCESSOR_DEFINITIONS = (
					"_NDEBUG=1",
					"NDEBUG=1",
					"PIP_JUCE_EXAMPLES_DIRECTORY=QzpcdG9vbHNcSlVDRVxleGFtcGxlcw==",
					"SAMPLER_SKIP_UI",
					"JUCE_MODAL_LOOPS_PERMITTED",
					"HAVE_LIBSAMPLERATE",
					"HAVE_VDSP",
					"USE_PTHREADS",
					"BUILD_DAWDREAMER_FAUST",
					"BUILD_DAWDREAMER_RUBBERBAND",
					"JUCER_XCODE_MAC_F6D2F4CF=1",
					"JUCE_APP_VERSION=0.8.3",
					"JUCE_APP_VERSION_HEX=0x803",
					"JucePlugin_Build_VST=0",
					"JucePlugin_Build_VST3=0",
					"JucePlugin_Build_AU=0",
					"JucePlugin_Build_AUv3=0",
					"JucePlugin_Build_AAX=0",
					"JucePlugin_Build_Standalone=0",
					"JucePlugin_Build_Unity=0",
					"JucePlugin_Build_LV2=0",
				);
				GCC_VERSION = com.apple.compilers.llvm.clang.1_0;
				HEADER_SEARCH_PATHS = (
					"$(SRCROOT)/../../JuceLibraryCode/modules/juce_audio_processors/format_types/LV2_SDK/lilv/src",
					"$(SRCROOT)/../../JuceLibraryCode/modules/juce_audio_processors/format_types/LV2_SDK/lilv",
					"$(SRCROOT)/../../JuceLibraryCode/modules/juce_audio_processors/format_types/LV2_SDK/sratom",
					"$(SRCROOT)/../../JuceLibraryCode/modules/juce_audio_processors/format_types/LV2_SDK/sord/src",
					"$(SRCROOT)/../../JuceLibraryCode/modules/juce_audio_processors/format_types/LV2_SDK/sord",
					"$(SRCROOT)/../../JuceLibraryCode/modules/juce_audio_processors/format_types/LV2_SDK/serd",
					"$(SRCROOT)/../../JuceLibraryCode/modules/juce_audio_processors/format_types/LV2_SDK/lv2",
					"$(SRCROOT)/../../JuceLibraryCode/modules/juce_audio_processors/format_types/LV2_SDK",
					"$(SRCROOT)/../../JuceLibraryCode/modules/juce_audio_processors/format_types/VST3_SDK",
					"$(SRCROOT)/../../thirdparty/JUCE/modules/juce_audio_processors/format_types/VST3_SDK",
					"$(SRCROOT)/../../JuceLibraryCode",
					"$(SRCROOT)/../../JuceLibraryCode/modules",
					"$(pythonLocation)/include/python$(PYTHONMAJOR)",
					"$(SRCROOT)/../../thirdparty",
					"$(SRCROOT)/../../thirdparty/nanobind/include",
					"$(SRCROOT)/../../thirdparty/nanobind/ext/robin_map/include",
					"$(SRCROOT)/../../thirdparty/faust/architecture",
					"$(SRCROOT)/../../thirdparty/faust/compiler",
					"$(SRCROOT)/../../thirdparty/faust/compiler/boxes",
					"$(SRCROOT)/../../thirdparty/faust/compiler/documentator",
					"$(SRCROOT)/../../thirdparty/faust/compiler/draw",
					"$(SRCROOT)/../../thirdparty/faust/compiler/draw/device",
					"$(SRCROOT)/../../thirdparty/faust/compiler/draw/schema",
					"$(SRCROOT)/../../thirdparty/faust/compiler/errors",
					"$(SRCROOT)/../../thirdparty/faust/compiler/evaluate",
					"$(SRCROOT)/../../thirdparty/faust/compiler/extended",
					"$(SRCROOT)/../../thirdparty/faust/compiler/generator",
					"$(SRCROOT)/../../thirdparty/faust/compiler/generator/interpreter",
					"$(SRCROOT)/../../thirdparty/faust/compiler/normalize",
					"$(SRCROOT)/../../thirdparty/faust/compiler/parallelize",
					"$(SRCROOT)/../../thirdparty/faust/compiler/parser",
					"$(SRCROOT)/../../thirdparty/faust/compiler/patternmatcher",
					"$(SRCROOT)/../../thirdparty/faust/compiler/propagate",
					"$(SRCROOT)/../../thirdparty/faust/compiler/signals",
					"$(SRCROOT)/../../thirdparty/faust/compiler/tlib",
					"$(SRCROOT)/../../thirdparty/faust/compiler/transform",
					"$(SRCROOT)/../../thirdparty/faust/compiler/utils",
					"$(SRCROOT)/../../thirdparty/libsamplerate/src",
					"$(SRCROOT)/../../thirdparty/libsamplerate/include",
					"$(inherited)",
				);
				LIBRARY_SEARCH_PATHS = (
					"$(inherited)",
					"\"$(pythonLocation)/lib\"",
					"\"../../thirdparty/libfaust/darwin-arm64/Release/lib\"",
					"\"../../thirdparty/libsamplerate/build_release/src\"",
				);
				LLVM_LTO = YES;
				MACOSX_DEPLOYMENT_TARGET = 12.0;
				MTL_HEADER_SEARCH_PATHS = "$(SRCROOT)/../../JuceLibraryCode/modules/juce_audio_processors/format_types/LV2_SDK/lilv/src $(SRCROOT)/../../JuceLibraryCode/modules/juce_audio_processors/format_types/LV2_SDK/lilv $(SRCROOT)/../../JuceLibraryCode/modules/juce_audio_processors/format_types/LV2_SDK/sratom $(SRCROOT)/../../JuceLibraryCode/modules/juce_audio_processors/format_types/LV2_SDK/sord/src $(SRCROOT)/../../JuceLibraryCode/modules/juce_audio_processors/format_types/LV2_SDK/sord $(SRCROOT)/../../JuceLibraryCode/modules/juce_audio_processors/format_types/LV2_SDK/serd $(SRCROOT)/../../JuceLibraryCode/modules/juce_audio_processors/format_types/LV2_SDK/lv2 $(SRCROOT)/../../JuceLibraryCode/modules/juce_audio_processors/format_types/LV2_SDK $(SRCROOT)/../../JuceLibraryCode/modules/juce_audio_processors/format_types/VST3_SDK $(SRCROOT)/../../thirdparty/JUCE/modules/juce_audio_processors/format_types/VST3_SDK $(SRCROOT)/../../JuceLibraryCode $(SRCROOT)/../../JuceLibraryCode/modules $(pythonLocation)/include/python$(PYTHONMAJOR) $(SRCROOT)/../../thirdparty $(SRCROOT)/../../thirdparty/nanobind/include $(SRCROOT)/../../thirdparty/nanobind/ext/robin_map/include $(SRCROOT)/../../thirdparty/faust/architecture $(SRCROOT)/../../thirdparty/faust/compiler $(SRCROOT)/../../thirdparty/faust/compiler/boxes $(SRCROOT)/../../thirdparty/faust/compiler/documentator $(SRCROOT)/../../thirdparty/faust/compiler/draw $(SRCROOT)/../../thirdparty/faust/compiler/draw/device $(SRCROOT)/../../thirdparty/faust/compiler/draw/schema $(SRCROOT)/../../thirdparty/faust/compiler/errors $(SRCROOT)/../../thirdparty/faust/compiler/evaluate $(SRCROOT)/../../thirdparty/faust/compiler/extended $(SRCROOT)/../../thirdparty/faust/compiler/generator $(SRCROOT)/../../thirdparty/faust/compiler/generator/interpreter $(SRCROOT)/../../thirdparty/faust/compiler/normalize $(SRCROOT)/../../thirdparty/faust/compiler/parallelize $(SRCROOT)/../../thirdparty/faust/compiler/parser $(SRCROOT)/../../thirdparty/faust/compiler/patternmatcher $(SRCROOT)/../../thirdparty/faust/compiler/propagate $(SRCROOT)/../../thirdparty/faust/compiler/signals $(SRCROOT)/../../thirdparty/faust/compiler/tlib $(SRCROOT)/../../thirdparty/faust/compiler/transform $(SRCROOT)/../../thirdparty/faust/compiler/utils $(SRCROOT)/../../thirdparty/libsamplerate/src $(SRCROOT)/../../thirdparty/libsamplerate/include";
				OTHER_CFLAGS = "-fPIC";
				OTHER_CPLUSPLUSFLAGS = "-fPIC";
				OTHER_LDFLAGS = "-lsamplerate -lfaustwithllvm -shared -Wl,-undefined,dynamic_lookup";
				PRODUCT_BUNDLE_IDENTIFIER = design.dirt.DawDreamer;
				PRODUCT_NAME = "dawdreamer.so";
				USE_HEADERMAP = NO;
				VALIDATE_WORKSPACE_SKIPPED_SDK_FRAMEWORKS = OpenGL;
				VALID_ARCHS = "arm64 x86_64";
			};
			name = "Release-arm64";
		};
		DC29D3DFF28DE3B67974C056 /* Debug-x86_64 */ = {
			isa = XCBuildConfiguration;
			buildSettings = {
				ALWAYS_SEARCH_USER_PATHS = NO;
				CLANG_ENABLE_OBJC_WEAK = YES;
				CLANG_WARN_BLOCK_CAPTURE_AUTORELEASING = YES;
				CLANG_WARN_BOOL_CONVERSION = YES;
				CLANG_WARN_COMMA = YES;
				CLANG_WARN_CONSTANT_CONVERSION = YES;
				CLANG_WARN_DEPRECATED_OBJC_IMPLEMENTATIONS = YES;
				CLANG_WARN_EMPTY_BODY = YES;
				CLANG_WARN_ENUM_CONVERSION = YES;
				CLANG_WARN_INFINITE_RECURSION = YES;
				CLANG_WARN_INT_CONVERSION = YES;
				CLANG_WARN_NON_LITERAL_NULL_CONVERSION = YES;
				CLANG_WARN_OBJC_IMPLICIT_RETAIN_SELF = YES;
				CLANG_WARN_OBJC_LITERAL_CONVERSION = YES;
				CLANG_WARN_RANGE_LOOP_ANALYSIS = YES;
				CLANG_WARN_STRICT_PROTOTYPES = YES;
				CLANG_WARN_SUSPICIOUS_MOVE = YES;
				CLANG_WARN_UNREACHABLE_CODE = YES;
				CLANG_WARN__DUPLICATE_METHOD_MATCH = YES;
				DEBUG_INFORMATION_FORMAT = dwarf;
				ENABLE_STRICT_OBJC_MSGSEND = YES;
				ENABLE_TESTABILITY = NO;
				GCC_C_LANGUAGE_STANDARD = c11;
				GCC_INLINES_ARE_PRIVATE_EXTERN = YES;
				GCC_MODEL_TUNING = G5;
				GCC_NO_COMMON_BLOCKS = YES;
				GCC_SYMBOLS_PRIVATE_EXTERN = YES;
				GCC_WARN_64_TO_32_BIT_CONVERSION = YES;
				GCC_WARN_ABOUT_RETURN_TYPE = YES;
				GCC_WARN_CHECK_SWITCH_STATEMENTS = YES;
				GCC_WARN_MISSING_PARENTHESES = YES;
				GCC_WARN_NON_VIRTUAL_DESTRUCTOR = YES;
				GCC_WARN_TYPECHECK_CALLS_TO_PRINTF = YES;
				GCC_WARN_UNDECLARED_SELECTOR = YES;
				GCC_WARN_UNINITIALIZED_AUTOS = YES;
				GCC_WARN_UNUSED_FUNCTION = YES;
				GCC_WARN_UNUSED_VARIABLE = YES;
				ONLY_ACTIVE_ARCH = YES;
				OTHER_CODE_SIGN_FLAGS = --timestamp;
				PRODUCT_NAME = "dawdreamer.so";
				SDKROOT = macosx;
				WARNING_CFLAGS = "-Wreorder";
				ZERO_LINK = NO;
			};
			name = "Debug-x86_64";
		};
/* End XCBuildConfiguration section */

/* Begin XCConfigurationList section */
		2DB318F4D74C3E6033F2C720 = {
			isa = XCConfigurationList;
			buildConfigurations = (
				2AE45FF97A8B5B5B149589A2,
				2EE6F8DDE5A27226BF02A8EA,
				DC29D3DFF28DE3B67974C056,
			);
			defaultConfigurationIsVisible = 0;
			defaultConfigurationName = "Debug-x86_64";
		};
		8554B8E109F0041E134ABD43 = {
			isa = XCConfigurationList;
			buildConfigurations = (
				3814B4B8C62B709DD030FBEA,
				502873F5F91BBCA42CF04FFC,
				AB16223E4BC8E64E45689F63,
			);
			defaultConfigurationIsVisible = 0;
			defaultConfigurationName = "Debug-x86_64";
		};
/* End XCConfigurationList section */
	};
	rootObject = 4A73310BAAAEBD94149F5709 /* Project object */;
}
